
Microsoft Visual Studio Solution File, Format Version 12.00
# Visual Studio Version 17
VisualStudioVersion = 17.10.35122.118
MinimumVisualStudioVersion = 10.0.40219.1
Project("{FAE04EC0-301F-11D3-BF4B-00C04F79EFBC}") = "ItemService", "ItemService\ItemService.csproj", "{0DB89473-DFE9-47E9-8D11-034A0562A73D}"
EndProject
Project("{FAE04EC0-301F-11D3-BF4B-00C04F79EFBC}") = "RestaurantService", "RestaurantService\RestaurantService.csproj", "{2806A4D6-2025-4B2E-8A37-05EC43C48151}"
EndProject
Global
	GlobalSection(SolutionConfigurationPlatforms) = preSolution
		Debug|Any CPU = Debug|Any CPU
		Release|Any CPU = Release|Any CPU
	EndGlobalSection
	GlobalSection(ProjectConfigurationPlatforms) = postSolution
		{0DB89473-DFE9-47E9-8D11-034A0562A73D}.Debug|Any CPU.ActiveCfg = Debug|Any CPU
		{0DB89473-DFE9-47E9-8D11-034A0562A73D}.Debug|Any CPU.Build.0 = Debug|Any CPU
		{0DB89473-DFE9-47E9-8D11-034A0562A73D}.Release|Any CPU.ActiveCfg = Release|Any CPU
		{0DB89473-DFE9-47E9-8D11-034A0562A73D}.Release|Any CPU.Build.0 = Release|Any CPU
		{2806A4D6-2025-4B2E-8A37-05EC43C48151}.Debug|Any CPU.ActiveCfg = Debug|Any CPU
		{2806A4D6-2025-4B2E-8A37-05EC43C48151}.Debug|Any CPU.Build.0 = Debug|Any CPU
		{2806A4D6-2025-4B2E-8A37-05EC43C48151}.Release|Any CPU.ActiveCfg = Release|Any CPU
		{2806A4D6-2025-4B2E-8A37-05EC43C48151}.Release|Any CPU.Build.0 = Release|Any CPU
	EndGlobalSection
	GlobalSection(SolutionProperties) = preSolution
		HideSolutionNode = FALSE
	EndGlobalSection
	GlobalSection(ExtensibilityGlobals) = postSolution
		SolutionGuid = {3C18458F-3FC4-4F90-8C6D-E893ADD7862C}
	EndGlobalSection
EndGlobal
